
Microsoft Visual Studio Solution File, Format Version 12.00
# Visual Studio 15
VisualStudioVersion = 15.0.28010.2019
MinimumVisualStudioVersion = 10.0.40219.1
Project("{FAE04EC0-301F-11D3-BF4B-00C04F79EFBC}") = "DoAn.Web", "DoAn\DoAn.Web.csproj", "{29A3D4DA-5DD3-48CF-B2ED-50E6646392FA}"
EndProject
Project("{FAE04EC0-301F-11D3-BF4B-00C04F79EFBC}") = "DoAn.Common", "DoAn.Common\DoAn.Common.csproj", "{6EBCA660-31EF-4BDB-AF8E-BB0D67C48B8D}"
EndProject
Project("{FAE04EC0-301F-11D3-BF4B-00C04F79EFBC}") = "DoAn.Service", "DoAn.Service\DoAn.Service.csproj", "{D46B8AC7-D962-4843-9E3D-4B4873E34EF6}"
EndProject
Project("{FAE04EC0-301F-11D3-BF4B-00C04F79EFBC}") = "DoAn.Data", "DoAn.Data\DoAn.Data.csproj", "{B04D6E02-B8CA-4575-84D5-2478145818BF}"
EndProject
Global
	GlobalSection(SolutionConfigurationPlatforms) = preSolution
		Debug|Any CPU = Debug|Any CPU
		Release|Any CPU = Release|Any CPU
	EndGlobalSection
	GlobalSection(ProjectConfigurationPlatforms) = postSolution
		{29A3D4DA-5DD3-48CF-B2ED-50E6646392FA}.Debug|Any CPU.ActiveCfg = Debug|Any CPU
		{29A3D4DA-5DD3-48CF-B2ED-50E6646392FA}.Debug|Any CPU.Build.0 = Debug|Any CPU
		{29A3D4DA-5DD3-48CF-B2ED-50E6646392FA}.Release|Any CPU.ActiveCfg = Release|Any CPU
		{29A3D4DA-5DD3-48CF-B2ED-50E6646392FA}.Release|Any CPU.Build.0 = Release|Any CPU
		{6EBCA660-31EF-4BDB-AF8E-BB0D67C48B8D}.Debug|Any CPU.ActiveCfg = Debug|Any CPU
		{6EBCA660-31EF-4BDB-AF8E-BB0D67C48B8D}.Debug|Any CPU.Build.0 = Debug|Any CPU
		{6EBCA660-31EF-4BDB-AF8E-BB0D67C48B8D}.Release|Any CPU.ActiveCfg = Release|Any CPU
		{6EBCA660-31EF-4BDB-AF8E-BB0D67C48B8D}.Release|Any CPU.Build.0 = Release|Any CPU
		{D46B8AC7-D962-4843-9E3D-4B4873E34EF6}.Debug|Any CPU.ActiveCfg = Debug|Any CPU
		{D46B8AC7-D962-4843-9E3D-4B4873E34EF6}.Debug|Any CPU.Build.0 = Debug|Any CPU
		{D46B8AC7-D962-4843-9E3D-4B4873E34EF6}.Release|Any CPU.ActiveCfg = Release|Any CPU
		{D46B8AC7-D962-4843-9E3D-4B4873E34EF6}.Release|Any CPU.Build.0 = Release|Any CPU
		{B04D6E02-B8CA-4575-84D5-2478145818BF}.Debug|Any CPU.ActiveCfg = Debug|Any CPU
		{B04D6E02-B8CA-4575-84D5-2478145818BF}.Debug|Any CPU.Build.0 = Debug|Any CPU
		{B04D6E02-B8CA-4575-84D5-2478145818BF}.Release|Any CPU.ActiveCfg = Release|Any CPU
		{B04D6E02-B8CA-4575-84D5-2478145818BF}.Release|Any CPU.Build.0 = Release|Any CPU
	EndGlobalSection
	GlobalSection(SolutionProperties) = preSolution
		HideSolutionNode = FALSE
	EndGlobalSection
	GlobalSection(ExtensibilityGlobals) = postSolution
		SolutionGuid = {D2C80C19-BF5B-4895-A70C-D54201D205CB}
	EndGlobalSection
EndGlobal
